
Microsoft Visual Studio Solution File, Format Version 12.00
# Visual Studio Version 17
VisualStudioVersion = 17.0.32014.148
MinimumVisualStudioVersion = 10.0.40219.1
Project("{FAE04EC0-301F-11D3-BF4B-00C04F79EFBC}") = "SeleniumCsharp", "SeleniumCsharp\SeleniumCsharp.csproj", "{5C90456B-A857-485D-B489-9E720E2DA4AB}"
EndProject
Global
	GlobalSection(SolutionConfigurationPlatforms) = preSolution
		Debug|Any CPU = Debug|Any CPU
		Release|Any CPU = Release|Any CPU
	EndGlobalSection
	GlobalSection(ProjectConfigurationPlatforms) = postSolution
		{5C90456B-A857-485D-B489-9E720E2DA4AB}.Debug|Any CPU.ActiveCfg = Debug|Any CPU
		{5C90456B-A857-485D-B489-9E720E2DA4AB}.Debug|Any CPU.Build.0 = Debug|Any CPU
		{5C90456B-A857-485D-B489-9E720E2DA4AB}.Release|Any CPU.ActiveCfg = Release|Any CPU
		{5C90456B-A857-485D-B489-9E720E2DA4AB}.Release|Any CPU.Build.0 = Release|Any CPU
	EndGlobalSection
	GlobalSection(SolutionProperties) = preSolution
		HideSolutionNode = FALSE
	EndGlobalSection
	GlobalSection(ExtensibilityGlobals) = postSolution
		SolutionGuid = {82685799-6CDA-4C22-B91F-DA0A766B9AF1}
	EndGlobalSection
EndGlobal
